
Microsoft Visual Studio Solution File, Format Version 12.00
# Visual Studio Version 17
VisualStudioVersion = 17.5.002.0
MinimumVisualStudioVersion = 10.0.40219.1
Project("{9A19103F-16F7-4668-BE54-9A1E7A4F7556}") = "Ex2", "Ex2.csproj", "{F9F5C7E3-4F63-47D3-8F00-913C7DA22DCF}"
EndProject
Global
	GlobalSection(SolutionConfigurationPlatforms) = preSolution
		Debug|Any CPU = Debug|Any CPU
		Release|Any CPU = Release|Any CPU
	EndGlobalSection
	GlobalSection(ProjectConfigurationPlatforms) = postSolution
		{F9F5C7E3-4F63-47D3-8F00-913C7DA22DCF}.Debug|Any CPU.ActiveCfg = Debug|Any CPU
		{F9F5C7E3-4F63-47D3-8F00-913C7DA22DCF}.Debug|Any CPU.Build.0 = Debug|Any CPU
		{F9F5C7E3-4F63-47D3-8F00-913C7DA22DCF}.Release|Any CPU.ActiveCfg = Release|Any CPU
		{F9F5C7E3-4F63-47D3-8F00-913C7DA22DCF}.Release|Any CPU.Build.0 = Release|Any CPU
	EndGlobalSection
	GlobalSection(SolutionProperties) = preSolution
		HideSolutionNode = FALSE
	EndGlobalSection
	GlobalSection(ExtensibilityGlobals) = postSolution
		SolutionGuid = {37A1886E-2762-420D-9438-80272E8CE798}
	EndGlobalSection
EndGlobal
