
Microsoft Visual Studio Solution File, Format Version 12.00
# Visual Studio Version 17
VisualStudioVersion = 17.5.002.0
MinimumVisualStudioVersion = 10.0.40219.1
Project("{9A19103F-16F7-4668-BE54-9A1E7A4F7556}") = "Cafeteria", "Cafeteria\Cafeteria.csproj", "{EB45AC05-0248-48BB-929B-A446C3BDF806}"
EndProject
Global
	GlobalSection(SolutionConfigurationPlatforms) = preSolution
		Debug|Any CPU = Debug|Any CPU
		Release|Any CPU = Release|Any CPU
	EndGlobalSection
	GlobalSection(ProjectConfigurationPlatforms) = postSolution
		{EB45AC05-0248-48BB-929B-A446C3BDF806}.Debug|Any CPU.ActiveCfg = Debug|Any CPU
		{EB45AC05-0248-48BB-929B-A446C3BDF806}.Debug|Any CPU.Build.0 = Debug|Any CPU
		{EB45AC05-0248-48BB-929B-A446C3BDF806}.Release|Any CPU.ActiveCfg = Release|Any CPU
		{EB45AC05-0248-48BB-929B-A446C3BDF806}.Release|Any CPU.Build.0 = Release|Any CPU
	EndGlobalSection
	GlobalSection(SolutionProperties) = preSolution
		HideSolutionNode = FALSE
	EndGlobalSection
	GlobalSection(ExtensibilityGlobals) = postSolution
		SolutionGuid = {258353D7-E806-4CA7-900E-7B0F48AF412C}
	EndGlobalSection
EndGlobal
